// !$*UTF8*$!
{
	archiveVersion = 1;
	classes = {
	};
	objectVersion = 46;
	objects = {

/* Begin PBXBuildFile section */
		412FF0091DEBFCE2000B811C /* RDP_original.cpp in Sources */ = {isa = PBXBuildFile; fileRef = 412FF0081DEBFCE2000B811C /* RDP_original.cpp */; };
		412FF0121DEBFE11000B811C /* OpenGL.framework in Frameworks */ = {isa = PBXBuildFile; fileRef = 412FF0111DEBFE11000B811C /* OpenGL.framework */; };
		412FF0141DEBFE16000B811C /* GLUT.framework in Frameworks */ = {isa = PBXBuildFile; fileRef = 412FF0131DEBFE16000B811C /* GLUT.framework */; };
/* End PBXBuildFile section */

/* Begin PBXCopyFilesBuildPhase section */
		412FF0031DEBFCE2000B811C /* CopyFiles */ = {
			isa = PBXCopyFilesBuildPhase;
			buildActionMask = 2147483647;
			dstPath = /usr/share/man/man1/;
			dstSubfolderSpec = 0;
			files = (
			);
			runOnlyForDeploymentPostprocessing = 1;
		};
/* End PBXCopyFilesBuildPhase section */

/* Begin PBXFileReference section */
		412FF0051DEBFCE2000B811C /* RDP_original_OGL */ = {isa = PBXFileReference; explicitFileType = "compiled.mach-o.executable"; includeInIndex = 0; path = RDP_original_OGL; sourceTree = BUILT_PRODUCTS_DIR; };
		412FF0081DEBFCE2000B811C /* RDP_original.cpp */ = {isa = PBXFileReference; lastKnownFileType = sourcecode.cpp.cpp; path = RDP_original.cpp; sourceTree = "<group>"; };
		412FF00F1DEBFD4C000B811C /* rdp_ogl.h */ = {isa = PBXFileReference; fileEncoding = 4; lastKnownFileType = sourcecode.c.h; name = rdp_ogl.h; path = ../../RDP_OGL/rdp_ogl.h; sourceTree = "<group>"; };
		412FF0111DEBFE11000B811C /* OpenGL.framework */ = {isa = PBXFileReference; lastKnownFileType = wrapper.framework; name = OpenGL.framework; path = System/Library/Frameworks/OpenGL.framework; sourceTree = SDKROOT; };
		412FF0131DEBFE16000B811C /* GLUT.framework */ = {isa = PBXFileReference; lastKnownFileType = wrapper.framework; name = GLUT.framework; path = System/Library/Frameworks/GLUT.framework; sourceTree = SDKROOT; };
/* End PBXFileReference section */

/* Begin PBXFrameworksBuildPhase section */
		412FF0021DEBFCE2000B811C /* Frameworks */ = {
			isa = PBXFrameworksBuildPhase;
			buildActionMask = 2147483647;
			files = (
				412FF0141DEBFE16000B811C /* GLUT.framework in Frameworks */,
				412FF0121DEBFE11000B811C /* OpenGL.framework in Frameworks */,
			);
			runOnlyForDeploymentPostprocessing = 0;
		};
/* End PBXFrameworksBuildPhase section */

/* Begin PBXGroup section */
		412FEFFC1DEBFCE2000B811C = {
			isa = PBXGroup;
			children = (
				412FF0071DEBFCE2000B811C /* RDP_original_OGL */,
				412FF0061DEBFCE2000B811C /* Products */,
				412FF0101DEBFE11000B811C /* Frameworks */,
			);
			sourceTree = "<group>";
		};
		412FF0061DEBFCE2000B811C /* Products */ = {
			isa = PBXGroup;
			children = (
				412FF0051DEBFCE2000B811C /* RDP_original_OGL */,
			);
			name = Products;
			sourceTree = "<group>";
		};
		412FF0071DEBFCE2000B811C /* RDP_original_OGL */ = {
			isa = PBXGroup;
			children = (
				412FF00F1DEBFD4C000B811C /* rdp_ogl.h */,
				412FF0081DEBFCE2000B811C /* RDP_original.cpp */,
			);
			path = RDP_original_OGL;
			sourceTree = "<group>";
		};
		412FF0101DEBFE11000B811C /* Frameworks */ = {
			isa = PBXGroup;
			children = (
				412FF0131DEBFE16000B811C /* GLUT.framework */,
				412FF0111DEBFE11000B811C /* OpenGL.framework */,
			);
			name = Frameworks;
			sourceTree = "<group>";
		};
/* End PBXGroup section */

/* Begin PBXNativeTarget section */
		412FF0041DEBFCE2000B811C /* RDP_original_OGL */ = {
			isa = PBXNativeTarget;
			buildConfigurationList = 412FF00C1DEBFCE2000B811C /* Build configuration list for PBXNativeTarget "RDP_original_OGL" */;
			buildPhases = (
				412FF0011DEBFCE2000B811C /* Sources */,
				412FF0021DEBFCE2000B811C /* Frameworks */,
				412FF0031DEBFCE2000B811C /* CopyFiles */,
			);
			buildRules = (
			);
			dependencies = (
			);
			name = RDP_original_OGL;
			productName = RDP_original_OGL;
			productReference = 412FF0051DEBFCE2000B811C /* RDP_original_OGL */;
			productType = "com.apple.product-type.tool";
		};
/* End PBXNativeTarget section */

/* Begin PBXProject section */
		412FEFFD1DEBFCE2000B811C /* Project object */ = {
			isa = PBXProject;
			attributes = {
				LastUpgradeCheck = 0810;
				ORGANIZATIONNAME = "Vandana Kannan";
				TargetAttributes = {
					412FF0041DEBFCE2000B811C = {
						CreatedOnToolsVersion = 8.1;
						DevelopmentTeam = 6YW53ZPUGY;
						ProvisioningStyle = Automatic;
					};
				};
			};
			buildConfigurationList = 412FF0001DEBFCE2000B811C /* Build configuration list for PBXProject "RDP_original_OGL" */;
			compatibilityVersion = "Xcode 3.2";
			developmentRegion = English;
			hasScannedForEncodings = 0;
			knownRegions = (
				en,
			);
			mainGroup = 412FEFFC1DEBFCE2000B811C;
			productRefGroup = 412FF0061DEBFCE2000B811C /* Products */;
			projectDirPath = "";
			projectRoot = "";
			targets = (
				412FF0041DEBFCE2000B811C /* RDP_original_OGL */,
			);
		};
/* End PBXProject section */

/* Begin PBXSourcesBuildPhase section */
		412FF0011DEBFCE2000B811C /* Sources */ = {
			isa = PBXSourcesBuildPhase;
			buildActionMask = 2147483647;
			files = (
				412FF0091DEBFCE2000B811C /* RDP_original.cpp in Sources */,
			);
			runOnlyForDeploymentPostprocessing = 0;
		};
/* End PBXSourcesBuildPhase section */

/* Begin XCBuildConfiguration section */
		412FF00A1DEBFCE2000B811C /* Debug */ = {
			isa = XCBuildConfiguration;
			buildSettings = {
				ALWAYS_SEARCH_USER_PATHS = NO;
				CLANG_ANALYZER_NONNULL = YES;
				CLANG_CXX_LANGUAGE_STANDARD = "gnu++0x";
				CLANG_CXX_LIBRARY = "libc++";
				CLANG_ENABLE_MODULES = YES;
				CLANG_ENABLE_OBJC_ARC = YES;
				CLANG_WARN_BOOL_CONVERSION = YES;
				CLANG_WARN_CONSTANT_CONVERSION = YES;
				CLANG_WARN_DIRECT_OBJC_ISA_USAGE = YES_ERROR;
				CLANG_WARN_DOCUMENTATION_COMMENTS = YES;
				CLANG_WARN_EMPTY_BODY = YES;
				CLANG_WARN_ENUM_CONVERSION = YES;
				CLANG_WARN_INFINITE_RECURSION = YES;
				CLANG_WARN_INT_CONVERSION = YES;
				CLANG_WARN_OBJC_ROOT_CLASS = YES_ERROR;
				CLANG_WARN_SUSPICIOUS_MOVES = YES;
				CLANG_WARN_UNREACHABLE_CODE = YES;
				CLANG_WARN__DUPLICATE_METHOD_MATCH = YES;
				CODE_SIGN_IDENTITY = "-";
				COPY_PHASE_STRIP = NO;
				DEBUG_INFORMATION_FORMAT = dwarf;
				ENABLE_STRICT_OBJC_MSGSEND = YES;
				ENABLE_TESTABILITY = YES;
				GCC_C_LANGUAGE_STANDARD = gnu99;
				GCC_DYNAMIC_NO_PIC = NO;
				GCC_NO_COMMON_BLOCKS = YES;
				GCC_OPTIMIZATION_LEVEL = 0;
				GCC_PREPROCESSOR_DEFINITIONS = (
					"DEBUG=1",
					"$(inherited)",
				);
				GCC_WARN_64_TO_32_BIT_CONVERSION = YES;
				GCC_WARN_ABOUT_RETURN_TYPE = YES_ERROR;
				GCC_WARN_UNDECLARED_SELECTOR = YES;
				GCC_WARN_UNINITIALIZED_AUTOS = YES_AGGRESSIVE;
				GCC_WARN_UNUSED_FUNCTION = YES;
				GCC_WARN_UNUSED_VARIABLE = YES;
				MACOSX_DEPLOYMENT_TARGET = 10.12;
				MTL_ENABLE_DEBUG_INFO = YES;
				ONLY_ACTIVE_ARCH = YES;
				SDKROOT = macosx;
			};
			name = Debug;
		};
		412FF00B1DEBFCE2000B811C /* Release */ = {
			isa = XCBuildConfiguration;
			buildSettings = {
				ALWAYS_SEARCH_USER_PATHS = NO;
				CLANG_ANALYZER_NONNULL = YES;
				CLANG_CXX_LANGUAGE_STANDARD = "gnu++0x";
				CLANG_CXX_LIBRARY = "libc++";
				CLANG_ENABLE_MODULES = YES;
				CLANG_ENABLE_OBJC_ARC = YES;
				CLANG_WARN_BOOL_CONVERSION = YES;
				CLANG_WARN_CONSTANT_CONVERSION = YES;
				CLANG_WARN_DIRECT_OBJC_ISA_USAGE = YES_ERROR;
				CLANG_WARN_DOCUMENTATION_COMMENTS = YES;
				CLANG_WARN_EMPTY_BODY = YES;
				CLANG_WARN_ENUM_CONVERSION = YES;
				CLANG_WARN_INFINITE_RECURSION = YES;
				CLANG_WARN_INT_CONVERSION = YES;
				CLANG_WARN_OBJC_ROOT_CLASS = YES_ERROR;
				CLANG_WARN_SUSPICIOUS_MOVES = YES;
				CLANG_WARN_UNREACHABLE_CODE = YES;
				CLANG_WARN__DUPLICATE_METHOD_MATCH = YES;
				CODE_SIGN_IDENTITY = "-";
				COPY_PHASE_STRIP = NO;
				DEBUG_INFORMATION_FORMAT = "dwarf-with-dsym";
				ENABLE_NS_ASSERTIONS = NO;
				ENABLE_STRICT_OBJC_MSGSEND = YES;
				GCC_C_LANGUAGE_STANDARD = gnu99;
				GCC_NO_COMMON_BLOCKS = YES;
				GCC_WARN_64_TO_32_BIT_CONVERSION = YES;
				GCC_WARN_ABOUT_RETURN_TYPE = YES_ERROR;
				GCC_WARN_UNDECLARED_SELECTOR = YES;
				GCC_WARN_UNINITIALIZED_AUTOS = YES_AGGRESSIVE;
				GCC_WARN_UNUSED_FUNCTION = YES;
				GCC_WARN_UNUSED_VARIABLE = YES;
				MACOSX_DEPLOYMENT_TARGET = 10.12;
				MTL_ENABLE_DEBUG_INFO = NO;
				SDKROOT = macosx;
			};
			name = Release;
		};
		412FF00D1DEBFCE2000B811C /* Debug */ = {
			isa = XCBuildConfiguration;
			buildSettings = {
				DEVELOPMENT_TEAM = 6YW53ZPUGY;
				PRODUCT_NAME = "$(TARGET_NAME)";
			};
			name = Debug;
		};
		412FF00E1DEBFCE2000B811C /* Release */ = {
			isa = XCBuildConfiguration;
			buildSettings = {
				DEVELOPMENT_TEAM = 6YW53ZPUGY;
				PRODUCT_NAME = "$(TARGET_NAME)";
			};
			name = Release;
		};
/* End XCBuildConfiguration section */

/* Begin XCConfigurationList section */
		412FF0001DEBFCE2000B811C /* Build configuration list for PBXProject "RDP_original_OGL" */ = {
			isa = XCConfigurationList;
			buildConfigurations = (
				412FF00A1DEBFCE2000B811C /* Debug */,
				412FF00B1DEBFCE2000B811C /* Release */,
			);
			defaultConfigurationIsVisible = 0;
			defaultConfigurationName = Release;
		};
		412FF00C1DEBFCE2000B811C /* Build configuration list for PBXNativeTarget "RDP_original_OGL" */ = {
			isa = XCConfigurationList;
			buildConfigurations = (
				412FF00D1DEBFCE2000B811C /* Debug */,
				412FF00E1DEBFCE2000B811C /* Release */,
			);
			defaultConfigurationIsVisible = 0;
		};
/* End XCConfigurationList section */
	};
	rootObject = 412FEFFD1DEBFCE2000B811C /* Project object */;
}
